# THIS IS AN AUTOGENERATED FILE. DO NOT EDIT THIS FILE DIRECTLY.
# yarn lockfile v1


"@session-foundation/basic-types@^0.0.5":
  version "0.0.5"
  resolved "http://localhost:4873/@session-foundation/basic-types/-/basic-types-0.0.5.tgz#5cfb644e984cebdebd203d018ca5b998e29366ad"
  integrity sha512-5iWukfClIG4kWZ9VP6unrgxZItZHp36MCSdIWH7cvV6sEfmZ+Z/N6/5pOZiOVfqCNFxpEGdtVaQikijGXLn/Ug==
  dependencies:
    libsodium-wrappers-sumo "^0.7.15"

"@types/node@^22.13.11":
  version "22.13.11"
  resolved "http://localhost:4873/@types/node/-/node-22.13.11.tgz#f0ed6b302dcf0f4229d44ea707e77484ad46d234"
  integrity sha512-iEUCUJoU0i3VnrCmgoWCXttklWcvoCIx4jzcP22fioIVSdTmjgoEvmAO/QPw6TcS9k5FrNgn4w7q5lGOd1CT5g==
  dependencies:
    undici-types "~6.20.0"

buffer-crc32@^1.0.0:
  version "1.0.0"
  resolved "http://localhost:4873/buffer-crc32/-/buffer-crc32-1.0.0.tgz#a10993b9055081d55304bd9feb4a072de179f405"
  integrity sha512-Db1SbgBS/fg/392AblrMJk97KggmvYhr4pB5ZIMTWtaivCPMWLkmb7m21cJvpvgK+J3nsU2CmmixNBZx4vFj/w==

libsodium-sumo@^0.7.15:
  version "0.7.15"
  resolved "http://localhost:4873/libsodium-sumo/-/libsodium-sumo-0.7.15.tgz#91c1d863fe3fbce6d6b9db1aadaa622733a1d007"
  integrity sha512-5tPmqPmq8T8Nikpm1Nqj0hBHvsLFCXvdhBFV7SGOitQPZAA6jso8XoL0r4L7vmfKXr486fiQInvErHtEvizFMw==

libsodium-wrappers-sumo@^0.7.15:
  version "0.7.15"
  resolved "http://localhost:4873/libsodium-wrappers-sumo/-/libsodium-wrappers-sumo-0.7.15.tgz#0ef2a99b4b17e8385aa7e6850593660dbaf5fb40"
  integrity sha512-aSWY8wKDZh5TC7rMvEdTHoyppVq/1dTSAeAR7H6pzd6QRT3vQWcT5pGwCotLcpPEOLXX6VvqihSPkpEhYAjANA==
  dependencies:
    libsodium-sumo "^0.7.15"

typescript@^5.8.2:
  version "5.8.2"
  resolved "http://localhost:4873/typescript/-/typescript-5.8.2.tgz#8170b3702f74b79db2e5a96207c15e65807999e4"
  integrity sha512-aJn6wq13/afZp/jT9QZmwEjDqqvSGp1VT5GVg+f/t6/oVyrgXM6BY1h9BRh/O5p3PlUPAe+WuiEZOmb/49RqoQ==

undici-types@~6.20.0:
  version "6.20.0"
  resolved "http://localhost:4873/undici-types/-/undici-types-6.20.0.tgz#8171bf22c1f588d1554d55bf204bc624af388433"
  integrity sha512-Ny6QZ2Nju20vw1SRHe3d9jVu6gJ+4e3+MMpqu7pqE5HT6WsTSlce++GQmK5UXS8mzV8DSYHrQH+Xrf2jVcuKNg==
